
Microsoft Visual Studio Solution File, Format Version 12.00
# Visual Studio 2013
VisualStudioVersion = 12.0.31101.0
MinimumVisualStudioVersion = 10.0.40219.1
Project("{FAE04EC0-301F-11D3-BF4B-00C04F79EFBC}") = "WorkoutLog.Web", "WorkoutLog.Web\WorkoutLog.Web.csproj", "{C194126B-B69A-48CF-BE87-1BACDD08A5D0}"
EndProject
Project("{FAE04EC0-301F-11D3-BF4B-00C04F79EFBC}") = "WorkoutLog.Core", "WorkoutLog.Core\WorkoutLog.Core.csproj", "{89CBE5D1-BD07-4071-8AC8-C1DB2B77DBD0}"
EndProject
Project("{FAE04EC0-301F-11D3-BF4B-00C04F79EFBC}") = "WorkoutLog.Data", "WorkoutLog.Data\WorkoutLog.Data.csproj", "{CDA6D7C4-756D-4FF7-8245-6D2F829E5287}"
EndProject
Global
	GlobalSection(SolutionConfigurationPlatforms) = preSolution
		Debug|Any CPU = Debug|Any CPU
		Release|Any CPU = Release|Any CPU
	EndGlobalSection
	GlobalSection(ProjectConfigurationPlatforms) = postSolution
		{C194126B-B69A-48CF-BE87-1BACDD08A5D0}.Debug|Any CPU.ActiveCfg = Debug|Any CPU
		{C194126B-B69A-48CF-BE87-1BACDD08A5D0}.Debug|Any CPU.Build.0 = Debug|Any CPU
		{C194126B-B69A-48CF-BE87-1BACDD08A5D0}.Release|Any CPU.ActiveCfg = Release|Any CPU
		{C194126B-B69A-48CF-BE87-1BACDD08A5D0}.Release|Any CPU.Build.0 = Release|Any CPU
		{89CBE5D1-BD07-4071-8AC8-C1DB2B77DBD0}.Debug|Any CPU.ActiveCfg = Debug|Any CPU
		{89CBE5D1-BD07-4071-8AC8-C1DB2B77DBD0}.Debug|Any CPU.Build.0 = Debug|Any CPU
		{89CBE5D1-BD07-4071-8AC8-C1DB2B77DBD0}.Release|Any CPU.ActiveCfg = Release|Any CPU
		{89CBE5D1-BD07-4071-8AC8-C1DB2B77DBD0}.Release|Any CPU.Build.0 = Release|Any CPU
		{CDA6D7C4-756D-4FF7-8245-6D2F829E5287}.Debug|Any CPU.ActiveCfg = Debug|Any CPU
		{CDA6D7C4-756D-4FF7-8245-6D2F829E5287}.Debug|Any CPU.Build.0 = Debug|Any CPU
		{CDA6D7C4-756D-4FF7-8245-6D2F829E5287}.Release|Any CPU.ActiveCfg = Release|Any CPU
		{CDA6D7C4-756D-4FF7-8245-6D2F829E5287}.Release|Any CPU.Build.0 = Release|Any CPU
	EndGlobalSection
	GlobalSection(SolutionProperties) = preSolution
		HideSolutionNode = FALSE
	EndGlobalSection
EndGlobal
